{
  "version": 4,
  "terraform_version": "1.0.10",
  "serial": 81,
  "lineage": "dd37252d-d8c5-f638-8e45-2c0ad2fc6ba3",
  "outputs": {
    "alb_dns": {
      "value": "devjs-alb-1035814290.ap-northeast-2.elb.amazonaws.com",
      "type": "string"
    },
    "test": {
      "value": [
        "subnet-000d191132a1f245e",
        "subnet-022ae4c37f0972726"
      ],
      "type": [
        "tuple",
        [
          "string",
          "string"
        ]
      ]
    },
    "wordpress_sample_eip": {
      "value": "13.124.215.231",
      "type": "string"
    }
  },
  "resources": [
    {
      "mode": "managed",
      "type": "aws_ami_from_instance",
      "name": "devjs_ami",
      "provider": "provider[\"registry.terraform.io/hashicorp/aws\"]",
      "instances": [
        {
          "schema_version": 0,
          "attributes": {
            "architecture": "x86_64",
            "arn": "arn:aws:ec2:ap-northeast-2::image/ami-0597bec6a6e385840",
            "description": "",
            "ebs_block_device": [
              {
                "delete_on_termination": true,
                "device_name": "/dev/xvda",
                "encrypted": false,
                "iops": 0,
                "snapshot_id": "snap-0d3236565b2cc6f9f",
                "throughput": 0,
                "volume_size": 8,
                "volume_type": "gp2"
              }
            ],
            "ena_support": true,
            "ephemeral_block_device": [],
            "hypervisor": "xen",
            "id": "ami-0597bec6a6e385840",
            "image_location": "328720699233/devjs-ami",
            "image_owner_alias": "",
            "image_type": "machine",
            "kernel_id": "",
            "manage_ebs_snapshots": true,
            "name": "devjs-ami",
            "owner_id": "328720699233",
            "platform": "",
            "platform_details": "Linux/UNIX",
            "public": false,
            "ramdisk_id": "",
            "root_device_name": "/dev/xvda",
            "root_snapshot_id": "snap-0d3236565b2cc6f9f",
            "snapshot_without_reboot": null,
            "source_instance_id": "i-05098dded84ede84b",
            "sriov_net_support": "simple",
            "tags": {
              "Name": "devjs_ami"
            },
            "tags_all": {
              "Name": "devjs_ami"
            },
            "timeouts": null,
            "usage_operation": "RunInstances",
            "virtualization_type": "hvm"
          },
          "sensitive_attributes": [],
          "private": "eyJlMmJmYjczMC1lY2FhLTExZTYtOGY4OC0zNDM2M2JjN2M0YzAiOnsiY3JlYXRlIjoyNDAwMDAwMDAwMDAwLCJkZWxldGUiOjU0MDAwMDAwMDAwMDAsInVwZGF0ZSI6MjQwMDAwMDAwMDAwMH19",
          "dependencies": [
            "aws_instance.devjs_wordpress_sample"
          ],
          "create_before_destroy": true
        }
      ]
    },
    {
      "mode": "managed",
      "type": "aws_autoscaling_attachment",
      "name": "devjs_autoscaling_atch",
      "provider": "provider[\"registry.terraform.io/hashicorp/aws\"]",
      "instances": [
        {
          "schema_version": 0,
          "attributes": {
            "alb_target_group_arn": "arn:aws:elasticloadbalancing:ap-northeast-2:328720699233:targetgroup/devjs-alb-target-group/0b17461b5d97ef76",
            "autoscaling_group_name": "devjs-autoscaling-group",
            "elb": null,
            "id": "devjs-autoscaling-group-20211115115602411100000002"
          },
          "sensitive_attributes": [],
          "private": "bnVsbA==",
          "dependencies": [
            "aws_ami_from_instance.devjs_ami",
            "aws_autoscaling_group.devjs_autoscaling_group",
            "aws_instance.devjs_wordpress_sample",
            "aws_key_pair.devjs_key",
            "aws_launch_configuration.devjs_launch_configuration",
            "aws_lb_target_group.devjs_alb_target_group",
            "aws_security_group.devjs_sg",
            "aws_subnet.devjs_public_subnets"
          ]
        }
      ]
    },
    {
      "mode": "managed",
      "type": "aws_autoscaling_group",
      "name": "devjs_autoscaling_group",
      "provider": "provider[\"registry.terraform.io/hashicorp/aws\"]",
      "instances": [
        {
          "schema_version": 0,
          "attributes": {
            "arn": "arn:aws:autoscaling:ap-northeast-2:328720699233:autoScalingGroup:b003ca8b-2c51-42fc-9415-e21b2fb5a373:autoScalingGroupName/devjs-autoscaling-group",
            "availability_zones": [
              "ap-northeast-2a",
              "ap-northeast-2c"
            ],
            "capacity_rebalance": false,
            "default_cooldown": 300,
            "desired_capacity": 2,
            "enabled_metrics": null,
            "force_delete": true,
            "force_delete_warm_pool": false,
            "health_check_grace_period": 10,
            "health_check_type": "EC2",
            "id": "devjs-autoscaling-group",
            "initial_lifecycle_hook": [],
            "instance_refresh": [],
            "launch_configuration": "devjs-worpress-20211115115513863400000001",
            "launch_template": [],
            "load_balancers": null,
            "max_instance_lifetime": 0,
            "max_size": 10,
            "metrics_granularity": "1Minute",
            "min_elb_capacity": null,
            "min_size": 2,
            "mixed_instances_policy": [],
            "name": "devjs-autoscaling-group",
            "name_prefix": "",
            "placement_group": "",
            "protect_from_scale_in": false,
            "service_linked_role_arn": "arn:aws:iam::328720699233:role/aws-service-role/autoscaling.amazonaws.com/AWSServiceRoleForAutoScaling",
            "suspended_processes": null,
            "tag": [],
            "tags": null,
            "target_group_arns": null,
            "termination_policies": null,
            "timeouts": null,
            "vpc_zone_identifier": [
              "subnet-000d191132a1f245e",
              "subnet-022ae4c37f0972726"
            ],
            "wait_for_capacity_timeout": "10m",
            "wait_for_elb_capacity": null,
            "warm_pool": []
          },
          "sensitive_attributes": [],
          "private": "eyJlMmJmYjczMC1lY2FhLTExZTYtOGY4OC0zNDM2M2JjN2M0YzAiOnsiZGVsZXRlIjo2MDAwMDAwMDAwMDB9fQ==",
          "dependencies": [
            "aws_ami_from_instance.devjs_ami",
            "aws_instance.devjs_wordpress_sample",
            "aws_key_pair.devjs_key",
            "aws_launch_configuration.devjs_launch_configuration",
            "aws_security_group.devjs_sg",
            "aws_subnet.devjs_public_subnets"
          ]
        }
      ]
    },
    {
      "mode": "managed",
      "type": "aws_db_instance",
      "name": "devjs_rds",
      "provider": "provider[\"registry.terraform.io/hashicorp/aws\"]",
      "instances": [
        {
          "schema_version": 1,
          "attributes": {
            "address": "test.cenvguenpdcx.ap-northeast-2.rds.amazonaws.com",
            "allocated_storage": 20,
            "allow_major_version_upgrade": null,
            "apply_immediately": null,
            "arn": "arn:aws:rds:ap-northeast-2:328720699233:db:test",
            "auto_minor_version_upgrade": true,
            "availability_zone": "ap-northeast-2a",
            "backup_retention_period": 0,
            "backup_window": "17:41-18:11",
            "ca_cert_identifier": "rds-ca-2019",
            "character_set_name": "",
            "copy_tags_to_snapshot": false,
            "customer_owned_ip_enabled": false,
            "db_subnet_group_name": "devjs-dbsb",
            "delete_automated_backups": true,
            "deletion_protection": false,
            "domain": "",
            "domain_iam_role_name": "",
            "enabled_cloudwatch_logs_exports": [],
            "endpoint": "test.cenvguenpdcx.ap-northeast-2.rds.amazonaws.com:3306",
            "engine": "mysql",
            "engine_version": "8.0",
            "engine_version_actual": "8.0.23",
            "final_snapshot_identifier": null,
            "hosted_zone_id": "ZLA2NUCOLGUUR",
            "iam_database_authentication_enabled": false,
            "id": "test",
            "identifier": "test",
            "identifier_prefix": null,
            "instance_class": "db.t2.micro",
            "iops": 0,
            "kms_key_id": "",
            "latest_restorable_time": "0001-01-01T00:00:00Z",
            "license_model": "general-public-license",
            "maintenance_window": "fri:18:46-fri:19:16",
            "max_allocated_storage": 0,
            "monitoring_interval": 0,
            "monitoring_role_arn": "",
            "multi_az": false,
            "name": "test",
            "nchar_character_set_name": "",
            "option_group_name": "default:mysql-8-0",
            "parameter_group_name": "default.mysql8.0",
            "password": "wlstjd11!",
            "performance_insights_enabled": false,
            "performance_insights_kms_key_id": "",
            "performance_insights_retention_period": 0,
            "port": 3306,
            "publicly_accessible": false,
            "replica_mode": "",
            "replicas": [],
            "replicate_source_db": "",
            "resource_id": "db-WUEDYCTRA6MJQ76H3GRRCGO2GY",
            "restore_to_point_in_time": [],
            "s3_import": [],
            "security_group_names": [],
            "skip_final_snapshot": true,
            "snapshot_identifier": null,
            "status": "available",
            "storage_encrypted": false,
            "storage_type": "gp2",
            "tags": {
              "Name": "devjs_rds"
            },
            "tags_all": {
              "Name": "devjs_rds"
            },
            "timeouts": null,
            "timezone": "",
            "username": "admin",
            "vpc_security_group_ids": [
              "sg-00ab4b3e1d71c929b"
            ]
          },
          "sensitive_attributes": [],
          "private": "eyJlMmJmYjczMC1lY2FhLTExZTYtOGY4OC0zNDM2M2JjN2M0YzAiOnsiY3JlYXRlIjoyNDAwMDAwMDAwMDAwLCJkZWxldGUiOjM2MDAwMDAwMDAwMDAsInVwZGF0ZSI6NDgwMDAwMDAwMDAwMH0sInNjaGVtYV92ZXJzaW9uIjoiMSJ9",
          "dependencies": [
            "aws_vpc.devjs_vpc",
            "aws_db_subnet_group.devjs_dbsb",
            "aws_security_group.devjs_sg",
            "aws_subnet.devjs_public_subnets"
          ]
        }
      ]
    },
    {
      "mode": "managed",
      "type": "aws_db_subnet_group",
      "name": "devjs_dbsb",
      "provider": "provider[\"registry.terraform.io/hashicorp/aws\"]",
      "instances": [
        {
          "schema_version": 0,
          "attributes": {
            "arn": "arn:aws:rds:ap-northeast-2:328720699233:subgrp:devjs-dbsb",
            "description": "Managed by Terraform",
            "id": "devjs-dbsb",
            "name": "devjs-dbsb",
            "name_prefix": null,
            "subnet_ids": [
              "subnet-000d191132a1f245e",
              "subnet-022ae4c37f0972726"
            ],
            "tags": {
              "Name": "devjs_dbsb"
            },
            "tags_all": {
              "Name": "devjs_dbsb"
            }
          },
          "sensitive_attributes": [],
          "private": "bnVsbA==",
          "dependencies": [
            "aws_subnet.devjs_public_subnets",
            "aws_vpc.devjs_vpc"
          ]
        }
      ]
    },
    {
      "mode": "managed",
      "type": "aws_eip",
      "name": "devjs_eip_nat",
      "provider": "provider[\"registry.terraform.io/hashicorp/aws\"]",
      "instances": [
        {
          "schema_version": 0,
          "attributes": {
            "address": null,
            "allocation_id": "eipalloc-0d375d622be75d66d",
            "associate_with_private_ip": null,
            "association_id": "eipassoc-07a506ac0c71deaac",
            "carrier_ip": "",
            "customer_owned_ip": "",
            "customer_owned_ipv4_pool": "",
            "domain": "vpc",
            "id": "eipalloc-0d375d622be75d66d",
            "instance": "",
            "network_border_group": "ap-northeast-2",
            "network_interface": "eni-0c76b4ef661494185",
            "private_dns": "ip-10-0-1-56.ap-northeast-2.compute.internal",
            "private_ip": "10.0.1.56",
            "public_dns": "ec2-3-34-170-249.ap-northeast-2.compute.amazonaws.com",
            "public_ip": "3.34.170.249",
            "public_ipv4_pool": "amazon",
            "tags": {},
            "tags_all": {},
            "timeouts": null,
            "vpc": true
          },
          "sensitive_attributes": [],
          "private": "eyJlMmJmYjczMC1lY2FhLTExZTYtOGY4OC0zNDM2M2JjN2M0YzAiOnsiZGVsZXRlIjoxODAwMDAwMDAwMDAsInJlYWQiOjkwMDAwMDAwMDAwMCwidXBkYXRlIjozMDAwMDAwMDAwMDB9fQ=="
        }
      ]
    },
    {
      "mode": "managed",
      "type": "aws_eip",
      "name": "devjs_eip_wordpress_sample",
      "provider": "provider[\"registry.terraform.io/hashicorp/aws\"]",
      "instances": [
        {
          "schema_version": 0,
          "attributes": {
            "address": null,
            "allocation_id": "eipalloc-02d9d3cda92bc9a41",
            "associate_with_private_ip": "10.0.1.11",
            "association_id": "eipassoc-05cdc3c8b6524c9c1",
            "carrier_ip": "",
            "customer_owned_ip": "",
            "customer_owned_ipv4_pool": "",
            "domain": "vpc",
            "id": "eipalloc-02d9d3cda92bc9a41",
            "instance": "i-05098dded84ede84b",
            "network_border_group": "ap-northeast-2",
            "network_interface": "eni-046cd12a1e8d51da4",
            "private_dns": "ip-10-0-1-11.ap-northeast-2.compute.internal",
            "private_ip": "10.0.1.11",
            "public_dns": "ec2-13-124-215-231.ap-northeast-2.compute.amazonaws.com",
            "public_ip": "13.124.215.231",
            "public_ipv4_pool": "amazon",
            "tags": {},
            "tags_all": {},
            "timeouts": null,
            "vpc": true
          },
          "sensitive_attributes": [],
          "private": "eyJlMmJmYjczMC1lY2FhLTExZTYtOGY4OC0zNDM2M2JjN2M0YzAiOnsiZGVsZXRlIjoxODAwMDAwMDAwMDAsInJlYWQiOjkwMDAwMDAwMDAwMCwidXBkYXRlIjozMDAwMDAwMDAwMDB9fQ==",
          "dependencies": [
            "aws_security_group.devjs_sg",
            "aws_subnet.devjs_public_subnets",
            "aws_vpc.devjs_vpc",
            "aws_instance.devjs_wordpress_sample",
            "aws_internet_gateway.devjs_igw",
            "aws_key_pair.devjs_key"
          ]
        }
      ]
    },
    {
      "mode": "managed",
      "type": "aws_instance",
      "name": "devjs_wordpress_sample",
      "provider": "provider[\"registry.terraform.io/hashicorp/aws\"]",
      "instances": [
        {
          "schema_version": 1,
          "attributes": {
            "ami": "ami-04e8dfc09b22389ad",
            "arn": "arn:aws:ec2:ap-northeast-2:328720699233:instance/i-05098dded84ede84b",
            "associate_public_ip_address": true,
            "availability_zone": "ap-northeast-2a",
            "capacity_reservation_specification": [
              {
                "capacity_reservation_preference": "open",
                "capacity_reservation_target": []
              }
            ],
            "cpu_core_count": 1,
            "cpu_threads_per_core": 1,
            "credit_specification": [
              {
                "cpu_credits": "standard"
              }
            ],
            "disable_api_termination": false,
            "ebs_block_device": [],
            "ebs_optimized": false,
            "enclave_options": [
              {
                "enabled": false
              }
            ],
            "ephemeral_block_device": [],
            "get_password_data": false,
            "hibernation": false,
            "host_id": null,
            "iam_instance_profile": "",
            "id": "i-05098dded84ede84b",
            "instance_initiated_shutdown_behavior": "stop",
            "instance_state": "running",
            "instance_type": "t2.micro",
            "ipv6_address_count": 0,
            "ipv6_addresses": [],
            "key_name": "devjs_key",
            "launch_template": [],
            "metadata_options": [
              {
                "http_endpoint": "enabled",
                "http_put_response_hop_limit": 1,
                "http_tokens": "optional"
              }
            ],
            "monitoring": false,
            "network_interface": [],
            "outpost_arn": "",
            "password_data": "",
            "placement_group": "",
            "placement_partition_number": null,
            "primary_network_interface_id": "eni-046cd12a1e8d51da4",
            "private_dns": "ip-10-0-1-11.ap-northeast-2.compute.internal",
            "private_ip": "10.0.1.11",
            "public_dns": "",
            "public_ip": "13.124.215.231",
            "root_block_device": [
              {
                "delete_on_termination": true,
                "device_name": "/dev/xvda",
                "encrypted": false,
                "iops": 100,
                "kms_key_id": "",
                "tags": {},
                "throughput": 0,
                "volume_id": "vol-09b6a4dc3954572c7",
                "volume_size": 8,
                "volume_type": "gp2"
              }
            ],
            "secondary_private_ips": [],
            "security_groups": [],
            "source_dest_check": true,
            "subnet_id": "subnet-000d191132a1f245e",
            "tags": {},
            "tags_all": {},
            "tenancy": "default",
            "timeouts": null,
            "user_data": "92dab5b6be631e9b77b3c6ec87d995e70bdf9f18",
            "user_data_base64": null,
            "volume_tags": null,
            "vpc_security_group_ids": [
              "sg-00ab4b3e1d71c929b"
            ]
          },
          "sensitive_attributes": [],
          "private": "eyJlMmJmYjczMC1lY2FhLTExZTYtOGY4OC0zNDM2M2JjN2M0YzAiOnsiY3JlYXRlIjo2MDAwMDAwMDAwMDAsImRlbGV0ZSI6MTIwMDAwMDAwMDAwMCwidXBkYXRlIjo2MDAwMDAwMDAwMDB9LCJzY2hlbWFfdmVyc2lvbiI6IjEifQ==",
          "dependencies": [
            "aws_vpc.devjs_vpc",
            "aws_key_pair.devjs_key",
            "aws_security_group.devjs_sg",
            "aws_subnet.devjs_public_subnets"
          ],
          "create_before_destroy": true
        }
      ]
    },
    {
      "mode": "managed",
      "type": "aws_internet_gateway",
      "name": "devjs_igw",
      "provider": "provider[\"registry.terraform.io/hashicorp/aws\"]",
      "instances": [
        {
          "schema_version": 0,
          "attributes": {
            "arn": "arn:aws:ec2:ap-northeast-2:328720699233:internet-gateway/igw-04a1b8c247263a006",
            "id": "igw-04a1b8c247263a006",
            "owner_id": "328720699233",
            "tags": {
              "Name": "devjs_igw"
            },
            "tags_all": {
              "Name": "devjs_igw"
            },
            "vpc_id": "vpc-06ee1009f1a5db0e1"
          },
          "sensitive_attributes": [],
          "private": "bnVsbA==",
          "dependencies": [
            "aws_vpc.devjs_vpc"
          ]
        }
      ]
    },
    {
      "mode": "managed",
      "type": "aws_key_pair",
      "name": "devjs_key",
      "provider": "provider[\"registry.terraform.io/hashicorp/aws\"]",
      "instances": [
        {
          "schema_version": 1,
          "attributes": {
            "arn": "arn:aws:ec2:ap-northeast-2:328720699233:key-pair/devjs_key",
            "fingerprint": "52:a7:01:b2:78:47:ce:d6:8d:66:c2:bb:d0:5c:1e:bd",
            "id": "devjs_key",
            "key_name": "devjs_key",
            "key_name_prefix": "",
            "key_pair_id": "key-0b9f9bc8ccb6d7235",
            "public_key": "ssh-rsa AAAAB3NzaC1yc2EAAAADAQABAAABgQC4MulqEk8uScp6d2iu/OSXlniFof+b4SbXtT6knJkuMu+vxcyTPtIulddfeoBRVsxtzVEs2oB89wh4QX6qgp3nbpElQ9Xj/SxIdyNcetJUuNL11dSpZjcT1+xPnAUePHIbXdu9Ln+NcqTqo6+XYuuD4CQZpUmRO+cHeX8jE62C+eztRnX+Jq9OYkV+JrYYbhSuWCBqqYt/ZhGYJxPr6TU4keVVXbXnpqgo0I/lQIViyS5uhL0G9Hp4R/EnXCgWjMK9ObW1AlszupcWmo3aQn6slF+mIzpRanb88qVZJOdkJ1sR82wI1cdAUjZAf3oIGtaQdAGdS8P23wY/ssnrL8smPHzaNQj5QzrTb7vBW1Es7QyTur9h/3+E5Utwwg8oYMrU254AFR8b0YNj4ETwzg7g7EQu9ClW38Mug30BrBWJ1UbDEFLdD4KbohQCTn3hvLsXbJKlmhy9bLDv6/YzjoaFx2wG8wqhCukuY3jQJtQ8OcuYiZ9YxerZqf6QEblniS0=",
            "tags": {},
            "tags_all": {}
          },
          "sensitive_attributes": [],
          "private": "eyJzY2hlbWFfdmVyc2lvbiI6IjEifQ==",
          "create_before_destroy": true
        }
      ]
    },
    {
      "mode": "managed",
      "type": "aws_launch_configuration",
      "name": "devjs_launch_configuration",
      "provider": "provider[\"registry.terraform.io/hashicorp/aws\"]",
      "instances": [
        {
          "schema_version": 0,
          "attributes": {
            "arn": "arn:aws:autoscaling:ap-northeast-2:328720699233:launchConfiguration:c0a91745-0a2c-4f65-8b0b-f51607854774:launchConfigurationName/devjs-worpress-20211115115513863400000001",
            "associate_public_ip_address": false,
            "ebs_block_device": [],
            "ebs_optimized": false,
            "enable_monitoring": true,
            "ephemeral_block_device": [],
            "iam_instance_profile": "admin_role",
            "id": "devjs-worpress-20211115115513863400000001",
            "image_id": "ami-0597bec6a6e385840",
            "instance_type": "t2.micro",
            "key_name": "devjs_key",
            "metadata_options": [],
            "name": "devjs-worpress-20211115115513863400000001",
            "name_prefix": "devjs-worpress-",
            "placement_tenancy": null,
            "root_block_device": [],
            "security_groups": [
              "sg-00ab4b3e1d71c929b"
            ],
            "spot_price": "",
            "user_data": null,
            "user_data_base64": null,
            "vpc_classic_link_id": "",
            "vpc_classic_link_security_groups": null
          },
          "sensitive_attributes": [],
          "private": "bnVsbA==",
          "dependencies": [
            "aws_ami_from_instance.devjs_ami",
            "aws_instance.devjs_wordpress_sample",
            "aws_key_pair.devjs_key",
            "aws_security_group.devjs_sg"
          ],
          "create_before_destroy": true
        }
      ]
    },
    {
      "mode": "managed",
      "type": "aws_lb",
      "name": "devjs_alb",
      "provider": "provider[\"registry.terraform.io/hashicorp/aws\"]",
      "instances": [
        {
          "schema_version": 0,
          "attributes": {
            "access_logs": [
              {
                "bucket": "",
                "enabled": false,
                "prefix": ""
              }
            ],
            "arn": "arn:aws:elasticloadbalancing:ap-northeast-2:328720699233:loadbalancer/app/devjs-alb/f34f9257ea312012",
            "arn_suffix": "app/devjs-alb/f34f9257ea312012",
            "customer_owned_ipv4_pool": "",
            "dns_name": "devjs-alb-1035814290.ap-northeast-2.elb.amazonaws.com",
            "drop_invalid_header_fields": false,
            "enable_cross_zone_load_balancing": null,
            "enable_deletion_protection": false,
            "enable_http2": true,
            "id": "arn:aws:elasticloadbalancing:ap-northeast-2:328720699233:loadbalancer/app/devjs-alb/f34f9257ea312012",
            "idle_timeout": 60,
            "internal": false,
            "ip_address_type": "ipv4",
            "load_balancer_type": "application",
            "name": "devjs-alb",
            "name_prefix": null,
            "security_groups": [
              "sg-00ab4b3e1d71c929b"
            ],
            "subnet_mapping": [
              {
                "allocation_id": "",
                "ipv6_address": "",
                "outpost_id": "",
                "private_ipv4_address": "",
                "subnet_id": "subnet-000d191132a1f245e"
              },
              {
                "allocation_id": "",
                "ipv6_address": "",
                "outpost_id": "",
                "private_ipv4_address": "",
                "subnet_id": "subnet-022ae4c37f0972726"
              }
            ],
            "subnets": [
              "subnet-000d191132a1f245e",
              "subnet-022ae4c37f0972726"
            ],
            "tags": {
              "Name": "devjs_alb"
            },
            "tags_all": {
              "Name": "devjs_alb"
            },
            "timeouts": null,
            "vpc_id": "vpc-06ee1009f1a5db0e1",
            "zone_id": "ZWKZPGTI48KDX"
          },
          "sensitive_attributes": [],
          "private": "eyJlMmJmYjczMC1lY2FhLTExZTYtOGY4OC0zNDM2M2JjN2M0YzAiOnsiY3JlYXRlIjo2MDAwMDAwMDAwMDAsImRlbGV0ZSI6NjAwMDAwMDAwMDAwLCJ1cGRhdGUiOjYwMDAwMDAwMDAwMH19",
          "dependencies": [
            "aws_security_group.devjs_sg",
            "aws_subnet.devjs_public_subnets",
            "aws_vpc.devjs_vpc"
          ]
        }
      ]
    },
    {
      "mode": "managed",
      "type": "aws_lb_listener",
      "name": "devjs_alb_listener",
      "provider": "provider[\"registry.terraform.io/hashicorp/aws\"]",
      "instances": [
        {
          "schema_version": 0,
          "attributes": {
            "alpn_policy": null,
            "arn": "arn:aws:elasticloadbalancing:ap-northeast-2:328720699233:listener/app/devjs-alb/f34f9257ea312012/d0393eec60fb69a7",
            "certificate_arn": null,
            "default_action": [
              {
                "authenticate_cognito": [],
                "authenticate_oidc": [],
                "fixed_response": [],
                "forward": [],
                "order": 1,
                "redirect": [],
                "target_group_arn": "arn:aws:elasticloadbalancing:ap-northeast-2:328720699233:targetgroup/devjs-alb-target-group/0b17461b5d97ef76",
                "type": "forward"
              }
            ],
            "id": "arn:aws:elasticloadbalancing:ap-northeast-2:328720699233:listener/app/devjs-alb/f34f9257ea312012/d0393eec60fb69a7",
            "load_balancer_arn": "arn:aws:elasticloadbalancing:ap-northeast-2:328720699233:loadbalancer/app/devjs-alb/f34f9257ea312012",
            "port": 80,
            "protocol": "HTTP",
            "ssl_policy": "",
            "tags": {},
            "tags_all": {},
            "timeouts": null
          },
          "sensitive_attributes": [],
          "private": "eyJlMmJmYjczMC1lY2FhLTExZTYtOGY4OC0zNDM2M2JjN2M0YzAiOnsicmVhZCI6NjAwMDAwMDAwMDAwfX0=",
          "dependencies": [
            "aws_lb.devjs_alb",
            "aws_lb_target_group.devjs_alb_target_group",
            "aws_security_group.devjs_sg",
            "aws_subnet.devjs_public_subnets",
            "aws_vpc.devjs_vpc"
          ]
        }
      ]
    },
    {
      "mode": "managed",
      "type": "aws_lb_target_group",
      "name": "devjs_alb_target_group",
      "provider": "provider[\"registry.terraform.io/hashicorp/aws\"]",
      "instances": [
        {
          "schema_version": 0,
          "attributes": {
            "arn": "arn:aws:elasticloadbalancing:ap-northeast-2:328720699233:targetgroup/devjs-alb-target-group/0b17461b5d97ef76",
            "arn_suffix": "targetgroup/devjs-alb-target-group/0b17461b5d97ef76",
            "deregistration_delay": "300",
            "health_check": [
              {
                "enabled": true,
                "healthy_threshold": 3,
                "interval": 5,
                "matcher": "200",
                "path": "/health.html",
                "port": "traffic-port",
                "protocol": "HTTP",
                "timeout": 2,
                "unhealthy_threshold": 2
              }
            ],
            "id": "arn:aws:elasticloadbalancing:ap-northeast-2:328720699233:targetgroup/devjs-alb-target-group/0b17461b5d97ef76",
            "lambda_multi_value_headers_enabled": false,
            "load_balancing_algorithm_type": "round_robin",
            "name": "devjs-alb-target-group",
            "name_prefix": null,
            "port": 80,
            "preserve_client_ip": null,
            "protocol": "HTTP",
            "protocol_version": "HTTP1",
            "proxy_protocol_v2": false,
            "slow_start": 0,
            "stickiness": [
              {
                "cookie_duration": 86400,
                "cookie_name": "",
                "enabled": false,
                "type": "lb_cookie"
              }
            ],
            "tags": {},
            "tags_all": {},
            "target_type": "instance",
            "vpc_id": "vpc-06ee1009f1a5db0e1"
          },
          "sensitive_attributes": [],
          "private": "bnVsbA==",
          "dependencies": [
            "aws_vpc.devjs_vpc"
          ]
        }
      ]
    },
    {
      "mode": "managed",
      "type": "aws_lb_target_group_attachment",
      "name": "devjs_lb_atch",
      "provider": "provider[\"registry.terraform.io/hashicorp/aws\"]",
      "instances": [
        {
          "schema_version": 0,
          "attributes": {
            "availability_zone": null,
            "id": "arn:aws:elasticloadbalancing:ap-northeast-2:328720699233:targetgroup/devjs-alb-target-group/0b17461b5d97ef76-20211115112050885700000001",
            "port": 80,
            "target_group_arn": "arn:aws:elasticloadbalancing:ap-northeast-2:328720699233:targetgroup/devjs-alb-target-group/0b17461b5d97ef76",
            "target_id": "i-05098dded84ede84b"
          },
          "sensitive_attributes": [],
          "private": "bnVsbA==",
          "dependencies": [
            "aws_instance.devjs_wordpress_sample",
            "aws_key_pair.devjs_key",
            "aws_lb_target_group.devjs_alb_target_group",
            "aws_security_group.devjs_sg",
            "aws_subnet.devjs_public_subnets",
            "aws_vpc.devjs_vpc"
          ]
        }
      ]
    },
    {
      "mode": "managed",
      "type": "aws_nat_gateway",
      "name": "devjs_nat",
      "provider": "provider[\"registry.terraform.io/hashicorp/aws\"]",
      "instances": [
        {
          "schema_version": 0,
          "attributes": {
            "allocation_id": "eipalloc-0d375d622be75d66d",
            "connectivity_type": "public",
            "id": "nat-0fe8c0d3103fc70ca",
            "network_interface_id": "eni-0c76b4ef661494185",
            "private_ip": "10.0.1.56",
            "public_ip": "3.34.170.249",
            "subnet_id": "subnet-000d191132a1f245e",
            "tags": {
              "Name": "devjs_nat"
            },
            "tags_all": {
              "Name": "devjs_nat"
            }
          },
          "sensitive_attributes": [],
          "private": "bnVsbA==",
          "dependencies": [
            "aws_eip.devjs_eip_nat",
            "aws_internet_gateway.devjs_igw",
            "aws_subnet.devjs_public_subnets",
            "aws_vpc.devjs_vpc"
          ]
        }
      ]
    },
    {
      "mode": "managed",
      "type": "aws_placement_group",
      "name": "devjs_place",
      "provider": "provider[\"registry.terraform.io/hashicorp/aws\"]",
      "instances": [
        {
          "schema_version": 0,
          "attributes": {
            "arn": "arn:aws:ec2:ap-northeast-2:328720699233:placement-group/devjs-place",
            "id": "devjs-place",
            "name": "devjs-place",
            "partition_count": 0,
            "placement_group_id": "pg-012aceb6da2093d4e",
            "strategy": "cluster",
            "tags": null,
            "tags_all": {}
          },
          "sensitive_attributes": [],
          "private": "bnVsbA=="
        }
      ]
    },
    {
      "mode": "managed",
      "type": "aws_route_table",
      "name": "devjs_private_rt",
      "provider": "provider[\"registry.terraform.io/hashicorp/aws\"]",
      "instances": [
        {
          "schema_version": 0,
          "attributes": {
            "arn": "arn:aws:ec2:ap-northeast-2:328720699233:route-table/rtb-0e040654fb5b77d60",
            "id": "rtb-0e040654fb5b77d60",
            "owner_id": "328720699233",
            "propagating_vgws": [],
            "route": [
              {
                "carrier_gateway_id": "",
                "cidr_block": "0.0.0.0/0",
                "destination_prefix_list_id": "",
                "egress_only_gateway_id": "",
                "gateway_id": "nat-0fe8c0d3103fc70ca",
                "instance_id": "",
                "ipv6_cidr_block": "",
                "local_gateway_id": "",
                "nat_gateway_id": "",
                "network_interface_id": "",
                "transit_gateway_id": "",
                "vpc_endpoint_id": "",
                "vpc_peering_connection_id": ""
              }
            ],
            "tags": {
              "Name": "devjs_private_rt"
            },
            "tags_all": {
              "Name": "devjs_private_rt"
            },
            "timeouts": null,
            "vpc_id": "vpc-06ee1009f1a5db0e1"
          },
          "sensitive_attributes": [],
          "private": "eyJlMmJmYjczMC1lY2FhLTExZTYtOGY4OC0zNDM2M2JjN2M0YzAiOnsiY3JlYXRlIjoxMjAwMDAwMDAwMDAsImRlbGV0ZSI6MzAwMDAwMDAwMDAwLCJ1cGRhdGUiOjEyMDAwMDAwMDAwMH19",
          "dependencies": [
            "aws_nat_gateway.devjs_nat",
            "aws_vpc.devjs_vpc"
          ]
        }
      ]
    },
    {
      "mode": "managed",
      "type": "aws_route_table",
      "name": "devjs_public_rt",
      "provider": "provider[\"registry.terraform.io/hashicorp/aws\"]",
      "instances": [
        {
          "schema_version": 0,
          "attributes": {
            "arn": "arn:aws:ec2:ap-northeast-2:328720699233:route-table/rtb-0a30c96a31c0f02a1",
            "id": "rtb-0a30c96a31c0f02a1",
            "owner_id": "328720699233",
            "propagating_vgws": [],
            "route": [
              {
                "carrier_gateway_id": "",
                "cidr_block": "0.0.0.0/0",
                "destination_prefix_list_id": "",
                "egress_only_gateway_id": "",
                "gateway_id": "igw-04a1b8c247263a006",
                "instance_id": "",
                "ipv6_cidr_block": "",
                "local_gateway_id": "",
                "nat_gateway_id": "",
                "network_interface_id": "",
                "transit_gateway_id": "",
                "vpc_endpoint_id": "",
                "vpc_peering_connection_id": ""
              }
            ],
            "tags": {
              "Name": "devjs_public_rt"
            },
            "tags_all": {
              "Name": "devjs_public_rt"
            },
            "timeouts": null,
            "vpc_id": "vpc-06ee1009f1a5db0e1"
          },
          "sensitive_attributes": [],
          "private": "eyJlMmJmYjczMC1lY2FhLTExZTYtOGY4OC0zNDM2M2JjN2M0YzAiOnsiY3JlYXRlIjoxMjAwMDAwMDAwMDAsImRlbGV0ZSI6MzAwMDAwMDAwMDAwLCJ1cGRhdGUiOjEyMDAwMDAwMDAwMH19",
          "dependencies": [
            "aws_internet_gateway.devjs_igw",
            "aws_vpc.devjs_vpc"
          ]
        }
      ]
    },
    {
      "mode": "managed",
      "type": "aws_route_table_association",
      "name": "devjs_private_rt_assoc",
      "provider": "provider[\"registry.terraform.io/hashicorp/aws\"]",
      "instances": [
        {
          "index_key": 0,
          "schema_version": 0,
          "attributes": {
            "gateway_id": "",
            "id": "rtbassoc-08702ebfbea4a3e66",
            "route_table_id": "rtb-0e040654fb5b77d60",
            "subnet_id": "subnet-03b32f39065afff02"
          },
          "sensitive_attributes": [],
          "private": "bnVsbA==",
          "dependencies": [
            "aws_internet_gateway.devjs_igw",
            "aws_nat_gateway.devjs_nat",
            "aws_route_table.devjs_private_rt",
            "aws_subnet.devjs_private_subnets",
            "aws_subnet.devjs_public_subnets",
            "aws_vpc.devjs_vpc",
            "aws_eip.devjs_eip_nat"
          ]
        },
        {
          "index_key": 1,
          "schema_version": 0,
          "attributes": {
            "gateway_id": "",
            "id": "rtbassoc-02d1e86a4dfa59e48",
            "route_table_id": "rtb-0e040654fb5b77d60",
            "subnet_id": "subnet-00729d11da65c3709"
          },
          "sensitive_attributes": [],
          "private": "bnVsbA==",
          "dependencies": [
            "aws_internet_gateway.devjs_igw",
            "aws_nat_gateway.devjs_nat",
            "aws_route_table.devjs_private_rt",
            "aws_subnet.devjs_private_subnets",
            "aws_subnet.devjs_public_subnets",
            "aws_vpc.devjs_vpc",
            "aws_eip.devjs_eip_nat"
          ]
        }
      ]
    },
    {
      "mode": "managed",
      "type": "aws_route_table_association",
      "name": "devjs_public_rt_assoc",
      "provider": "provider[\"registry.terraform.io/hashicorp/aws\"]",
      "instances": [
        {
          "index_key": 0,
          "schema_version": 0,
          "attributes": {
            "gateway_id": "",
            "id": "rtbassoc-0005b61756ad46bd0",
            "route_table_id": "rtb-0a30c96a31c0f02a1",
            "subnet_id": "subnet-000d191132a1f245e"
          },
          "sensitive_attributes": [],
          "private": "bnVsbA==",
          "dependencies": [
            "aws_internet_gateway.devjs_igw",
            "aws_route_table.devjs_public_rt",
            "aws_subnet.devjs_public_subnets",
            "aws_vpc.devjs_vpc"
          ]
        },
        {
          "index_key": 1,
          "schema_version": 0,
          "attributes": {
            "gateway_id": "",
            "id": "rtbassoc-09f80b351231a6153",
            "route_table_id": "rtb-0a30c96a31c0f02a1",
            "subnet_id": "subnet-022ae4c37f0972726"
          },
          "sensitive_attributes": [],
          "private": "bnVsbA==",
          "dependencies": [
            "aws_internet_gateway.devjs_igw",
            "aws_route_table.devjs_public_rt",
            "aws_subnet.devjs_public_subnets",
            "aws_vpc.devjs_vpc"
          ]
        }
      ]
    },
    {
      "mode": "managed",
      "type": "aws_security_group",
      "name": "devjs_sg",
      "provider": "provider[\"registry.terraform.io/hashicorp/aws\"]",
      "instances": [
        {
          "schema_version": 1,
          "attributes": {
            "arn": "arn:aws:ec2:ap-northeast-2:328720699233:security-group/sg-00ab4b3e1d71c929b",
            "description": "Managed by Terraform",
            "egress": [
              {
                "cidr_blocks": [
                  "0.0.0.0/0"
                ],
                "description": "Allow All",
                "from_port": 0,
                "ipv6_cidr_blocks": [
                  "::/0"
                ],
                "prefix_list_ids": [],
                "protocol": "-1",
                "security_groups": [],
                "self": false,
                "to_port": 0
              }
            ],
            "id": "sg-00ab4b3e1d71c929b",
            "ingress": [
              {
                "cidr_blocks": [
                  "0.0.0.0/0"
                ],
                "description": "Allow HTTP",
                "from_port": 80,
                "ipv6_cidr_blocks": [
                  "::/0"
                ],
                "prefix_list_ids": [],
                "protocol": "tcp",
                "security_groups": [],
                "self": false,
                "to_port": 80
              },
              {
                "cidr_blocks": [
                  "0.0.0.0/0"
                ],
                "description": "Allow ICMP",
                "from_port": 0,
                "ipv6_cidr_blocks": [
                  "::/0"
                ],
                "prefix_list_ids": [],
                "protocol": "icmp",
                "security_groups": [],
                "self": false,
                "to_port": 0
              },
              {
                "cidr_blocks": [
                  "0.0.0.0/0"
                ],
                "description": "Allow SQL",
                "from_port": 3306,
                "ipv6_cidr_blocks": [
                  "::/0"
                ],
                "prefix_list_ids": [],
                "protocol": "tcp",
                "security_groups": [],
                "self": false,
                "to_port": 3306
              },
              {
                "cidr_blocks": [
                  "0.0.0.0/0"
                ],
                "description": "Allow SSH",
                "from_port": 22,
                "ipv6_cidr_blocks": [
                  "::/0"
                ],
                "prefix_list_ids": [],
                "protocol": "tcp",
                "security_groups": [],
                "self": false,
                "to_port": 22
              }
            ],
            "name": "AllowAll",
            "name_prefix": "",
            "owner_id": "328720699233",
            "revoke_rules_on_delete": false,
            "tags": {
              "Name": "devjs_sg"
            },
            "tags_all": {
              "Name": "devjs_sg"
            },
            "timeouts": null,
            "vpc_id": "vpc-06ee1009f1a5db0e1"
          },
          "sensitive_attributes": [],
          "private": "eyJlMmJmYjczMC1lY2FhLTExZTYtOGY4OC0zNDM2M2JjN2M0YzAiOnsiY3JlYXRlIjo2MDAwMDAwMDAwMDAsImRlbGV0ZSI6OTAwMDAwMDAwMDAwfSwic2NoZW1hX3ZlcnNpb24iOiIxIn0=",
          "dependencies": [
            "aws_vpc.devjs_vpc"
          ],
          "create_before_destroy": true
        }
      ]
    },
    {
      "mode": "managed",
      "type": "aws_subnet",
      "name": "devjs_private_db_subnets",
      "provider": "provider[\"registry.terraform.io/hashicorp/aws\"]",
      "instances": [
        {
          "index_key": 0,
          "schema_version": 1,
          "attributes": {
            "arn": "arn:aws:ec2:ap-northeast-2:328720699233:subnet/subnet-09a3a99cbfc3656a7",
            "assign_ipv6_address_on_creation": false,
            "availability_zone": "ap-northeast-2a",
            "availability_zone_id": "apne2-az1",
            "cidr_block": "10.0.5.0/24",
            "customer_owned_ipv4_pool": "",
            "id": "subnet-09a3a99cbfc3656a7",
            "ipv6_cidr_block": "",
            "ipv6_cidr_block_association_id": "",
            "map_customer_owned_ip_on_launch": false,
            "map_public_ip_on_launch": false,
            "outpost_arn": "",
            "owner_id": "328720699233",
            "tags": {
              "Name": "devjs_private_db_subnet_a"
            },
            "tags_all": {
              "Name": "devjs_private_db_subnet_a"
            },
            "timeouts": null,
            "vpc_id": "vpc-06ee1009f1a5db0e1"
          },
          "sensitive_attributes": [],
          "private": "eyJlMmJmYjczMC1lY2FhLTExZTYtOGY4OC0zNDM2M2JjN2M0YzAiOnsiY3JlYXRlIjo2MDAwMDAwMDAwMDAsImRlbGV0ZSI6MTIwMDAwMDAwMDAwMH0sInNjaGVtYV92ZXJzaW9uIjoiMSJ9",
          "dependencies": [
            "aws_vpc.devjs_vpc"
          ]
        },
        {
          "index_key": 1,
          "schema_version": 1,
          "attributes": {
            "arn": "arn:aws:ec2:ap-northeast-2:328720699233:subnet/subnet-04fcf0f53c31f951d",
            "assign_ipv6_address_on_creation": false,
            "availability_zone": "ap-northeast-2c",
            "availability_zone_id": "apne2-az3",
            "cidr_block": "10.0.6.0/24",
            "customer_owned_ipv4_pool": "",
            "id": "subnet-04fcf0f53c31f951d",
            "ipv6_cidr_block": "",
            "ipv6_cidr_block_association_id": "",
            "map_customer_owned_ip_on_launch": false,
            "map_public_ip_on_launch": false,
            "outpost_arn": "",
            "owner_id": "328720699233",
            "tags": {
              "Name": "devjs_private_db_subnet_c"
            },
            "tags_all": {
              "Name": "devjs_private_db_subnet_c"
            },
            "timeouts": null,
            "vpc_id": "vpc-06ee1009f1a5db0e1"
          },
          "sensitive_attributes": [],
          "private": "eyJlMmJmYjczMC1lY2FhLTExZTYtOGY4OC0zNDM2M2JjN2M0YzAiOnsiY3JlYXRlIjo2MDAwMDAwMDAwMDAsImRlbGV0ZSI6MTIwMDAwMDAwMDAwMH0sInNjaGVtYV92ZXJzaW9uIjoiMSJ9",
          "dependencies": [
            "aws_vpc.devjs_vpc"
          ]
        }
      ]
    },
    {
      "mode": "managed",
      "type": "aws_subnet",
      "name": "devjs_private_subnets",
      "provider": "provider[\"registry.terraform.io/hashicorp/aws\"]",
      "instances": [
        {
          "index_key": 0,
          "schema_version": 1,
          "attributes": {
            "arn": "arn:aws:ec2:ap-northeast-2:328720699233:subnet/subnet-03b32f39065afff02",
            "assign_ipv6_address_on_creation": false,
            "availability_zone": "ap-northeast-2a",
            "availability_zone_id": "apne2-az1",
            "cidr_block": "10.0.3.0/24",
            "customer_owned_ipv4_pool": "",
            "id": "subnet-03b32f39065afff02",
            "ipv6_cidr_block": "",
            "ipv6_cidr_block_association_id": "",
            "map_customer_owned_ip_on_launch": false,
            "map_public_ip_on_launch": false,
            "outpost_arn": "",
            "owner_id": "328720699233",
            "tags": {
              "Name": "devjs_private_subnet_a"
            },
            "tags_all": {
              "Name": "devjs_private_subnet_a"
            },
            "timeouts": null,
            "vpc_id": "vpc-06ee1009f1a5db0e1"
          },
          "sensitive_attributes": [],
          "private": "eyJlMmJmYjczMC1lY2FhLTExZTYtOGY4OC0zNDM2M2JjN2M0YzAiOnsiY3JlYXRlIjo2MDAwMDAwMDAwMDAsImRlbGV0ZSI6MTIwMDAwMDAwMDAwMH0sInNjaGVtYV92ZXJzaW9uIjoiMSJ9",
          "dependencies": [
            "aws_vpc.devjs_vpc"
          ]
        },
        {
          "index_key": 1,
          "schema_version": 1,
          "attributes": {
            "arn": "arn:aws:ec2:ap-northeast-2:328720699233:subnet/subnet-00729d11da65c3709",
            "assign_ipv6_address_on_creation": false,
            "availability_zone": "ap-northeast-2c",
            "availability_zone_id": "apne2-az3",
            "cidr_block": "10.0.4.0/24",
            "customer_owned_ipv4_pool": "",
            "id": "subnet-00729d11da65c3709",
            "ipv6_cidr_block": "",
            "ipv6_cidr_block_association_id": "",
            "map_customer_owned_ip_on_launch": false,
            "map_public_ip_on_launch": false,
            "outpost_arn": "",
            "owner_id": "328720699233",
            "tags": {
              "Name": "devjs_private_subnet_c"
            },
            "tags_all": {
              "Name": "devjs_private_subnet_c"
            },
            "timeouts": null,
            "vpc_id": "vpc-06ee1009f1a5db0e1"
          },
          "sensitive_attributes": [],
          "private": "eyJlMmJmYjczMC1lY2FhLTExZTYtOGY4OC0zNDM2M2JjN2M0YzAiOnsiY3JlYXRlIjo2MDAwMDAwMDAwMDAsImRlbGV0ZSI6MTIwMDAwMDAwMDAwMH0sInNjaGVtYV92ZXJzaW9uIjoiMSJ9",
          "dependencies": [
            "aws_vpc.devjs_vpc"
          ]
        }
      ]
    },
    {
      "mode": "managed",
      "type": "aws_subnet",
      "name": "devjs_public_subnets",
      "provider": "provider[\"registry.terraform.io/hashicorp/aws\"]",
      "instances": [
        {
          "index_key": 0,
          "schema_version": 1,
          "attributes": {
            "arn": "arn:aws:ec2:ap-northeast-2:328720699233:subnet/subnet-000d191132a1f245e",
            "assign_ipv6_address_on_creation": false,
            "availability_zone": "ap-northeast-2a",
            "availability_zone_id": "apne2-az1",
            "cidr_block": "10.0.1.0/24",
            "customer_owned_ipv4_pool": "",
            "id": "subnet-000d191132a1f245e",
            "ipv6_cidr_block": "",
            "ipv6_cidr_block_association_id": "",
            "map_customer_owned_ip_on_launch": false,
            "map_public_ip_on_launch": false,
            "outpost_arn": "",
            "owner_id": "328720699233",
            "tags": {
              "Name": "devjs_public_subnet_a"
            },
            "tags_all": {
              "Name": "devjs_public_subnet_a"
            },
            "timeouts": null,
            "vpc_id": "vpc-06ee1009f1a5db0e1"
          },
          "sensitive_attributes": [],
          "private": "eyJlMmJmYjczMC1lY2FhLTExZTYtOGY4OC0zNDM2M2JjN2M0YzAiOnsiY3JlYXRlIjo2MDAwMDAwMDAwMDAsImRlbGV0ZSI6MTIwMDAwMDAwMDAwMH0sInNjaGVtYV92ZXJzaW9uIjoiMSJ9",
          "dependencies": [
            "aws_vpc.devjs_vpc"
          ],
          "create_before_destroy": true
        },
        {
          "index_key": 1,
          "schema_version": 1,
          "attributes": {
            "arn": "arn:aws:ec2:ap-northeast-2:328720699233:subnet/subnet-022ae4c37f0972726",
            "assign_ipv6_address_on_creation": false,
            "availability_zone": "ap-northeast-2c",
            "availability_zone_id": "apne2-az3",
            "cidr_block": "10.0.2.0/24",
            "customer_owned_ipv4_pool": "",
            "id": "subnet-022ae4c37f0972726",
            "ipv6_cidr_block": "",
            "ipv6_cidr_block_association_id": "",
            "map_customer_owned_ip_on_launch": false,
            "map_public_ip_on_launch": false,
            "outpost_arn": "",
            "owner_id": "328720699233",
            "tags": {
              "Name": "devjs_public_subnet_c"
            },
            "tags_all": {
              "Name": "devjs_public_subnet_c"
            },
            "timeouts": null,
            "vpc_id": "vpc-06ee1009f1a5db0e1"
          },
          "sensitive_attributes": [],
          "private": "eyJlMmJmYjczMC1lY2FhLTExZTYtOGY4OC0zNDM2M2JjN2M0YzAiOnsiY3JlYXRlIjo2MDAwMDAwMDAwMDAsImRlbGV0ZSI6MTIwMDAwMDAwMDAwMH0sInNjaGVtYV92ZXJzaW9uIjoiMSJ9",
          "dependencies": [
            "aws_vpc.devjs_vpc"
          ],
          "create_before_destroy": true
        }
      ]
    },
    {
      "mode": "managed",
      "type": "aws_vpc",
      "name": "devjs_vpc",
      "provider": "provider[\"registry.terraform.io/hashicorp/aws\"]",
      "instances": [
        {
          "schema_version": 1,
          "attributes": {
            "arn": "arn:aws:ec2:ap-northeast-2:328720699233:vpc/vpc-06ee1009f1a5db0e1",
            "assign_generated_ipv6_cidr_block": false,
            "cidr_block": "10.0.0.0/16",
            "default_network_acl_id": "acl-09ac528ae0686e2a5",
            "default_route_table_id": "rtb-0992297ebf0905a55",
            "default_security_group_id": "sg-050eea32d9e87827e",
            "dhcp_options_id": "dopt-dd5f11b6",
            "enable_classiclink": null,
            "enable_classiclink_dns_support": null,
            "enable_dns_hostnames": false,
            "enable_dns_support": true,
            "id": "vpc-06ee1009f1a5db0e1",
            "instance_tenancy": "default",
            "ipv6_association_id": "",
            "ipv6_cidr_block": "",
            "main_route_table_id": "rtb-0992297ebf0905a55",
            "owner_id": "328720699233",
            "tags": {
              "Name": "devjs_vpc"
            },
            "tags_all": {
              "Name": "devjs_vpc"
            }
          },
          "sensitive_attributes": [],
          "private": "eyJzY2hlbWFfdmVyc2lvbiI6IjEifQ==",
          "create_before_destroy": true
        }
      ]
    }
  ]
}
